github.com/centralnicgroup-opensource/rtldev-middleware-go-sdk/v3 v3.5.5-0.20220929105257-345318c3b882 h1:Wh/70WXvtJ1WbA7R8kVIJpS/59wVVTJHsUF/jcG1bR0=
github.com/centralnicgroup-opensource/rtldev-middleware-go-sdk/v3 v3.5.5-0.20220929105257-345318c3b882/go.mod h1:1usm1EQvugrIio3ODIAMrDG9NzA86AHIqhZCxJgNdxY=
